
Microsoft Visual Studio Solution File, Format Version 12.00
# Visual Studio Version 17
VisualStudioVersion = 17.11.35303.130
MinimumVisualStudioVersion = 10.0.40219.1
Project("{9A19103F-16F7-4668-BE54-9A1E7A4F7556}") = "mysql_net_core_api", "mysql_net_core_api\mysql_net_core_api.csproj", "{45F23E49-7C70-476A-97C3-A23822188EA9}"
EndProject
Project("{E53339B2-1760-4266-BCC7-CA923CBCF16C}") = "docker-compose", "docker-compose.dcproj", "{F4CD1BFE-DB1C-4224-94B4-9E8F6F5599D1}"
EndProject
Global
	GlobalSection(SolutionConfigurationPlatforms) = preSolution
		Debug|Any CPU = Debug|Any CPU
		Release|Any CPU = Release|Any CPU
	EndGlobalSection
	GlobalSection(ProjectConfigurationPlatforms) = postSolution
		{45F23E49-7C70-476A-97C3-A23822188EA9}.Debug|Any CPU.ActiveCfg = Debug|Any CPU
		{45F23E49-7C70-476A-97C3-A23822188EA9}.Debug|Any CPU.Build.0 = Debug|Any CPU
		{45F23E49-7C70-476A-97C3-A23822188EA9}.Release|Any CPU.ActiveCfg = Release|Any CPU
		{45F23E49-7C70-476A-97C3-A23822188EA9}.Release|Any CPU.Build.0 = Release|Any CPU
		{F4CD1BFE-DB1C-4224-94B4-9E8F6F5599D1}.Debug|Any CPU.ActiveCfg = Debug|Any CPU
		{F4CD1BFE-DB1C-4224-94B4-9E8F6F5599D1}.Debug|Any CPU.Build.0 = Debug|Any CPU
		{F4CD1BFE-DB1C-4224-94B4-9E8F6F5599D1}.Release|Any CPU.ActiveCfg = Release|Any CPU
		{F4CD1BFE-DB1C-4224-94B4-9E8F6F5599D1}.Release|Any CPU.Build.0 = Release|Any CPU
	EndGlobalSection
	GlobalSection(SolutionProperties) = preSolution
		HideSolutionNode = FALSE
	EndGlobalSection
	GlobalSection(ExtensibilityGlobals) = postSolution
		SolutionGuid = {68A6B658-EC05-4965-A351-D88EF874C52E}
	EndGlobalSection
EndGlobal
